
Microsoft Visual Studio Solution File, Format Version 12.00
# Visual Studio 2013
VisualStudioVersion = 12.0.31101.0
MinimumVisualStudioVersion = 10.0.40219.1
Project("{8BC9CEB8-8B4A-11D0-8D11-00A0C91BC942}") = "CodeSegment", "CodeSegment\CodeSegment.vcxproj", "{EFB77807-4706-4BB0-9408-92277C241572}"
EndProject
Project("{8BC9CEB8-8B4A-11D0-8D11-00A0C91BC942}") = "thread", "thread\thread.vcxproj", "{CC6F567F-EC1E-42A6-9CEA-850E8B20F18F}"
EndProject
Project("{8BC9CEB8-8B4A-11D0-8D11-00A0C91BC942}") = "threadpool", "threadpool\threadpool.vcxproj", "{DB5B179A-04B0-4586-AD9F-F92EFD226A5F}"
EndProject
Project("{8BC9CEB8-8B4A-11D0-8D11-00A0C91BC942}") = "tuple", "tupe\tupe.vcxproj", "{08219368-7D4C-499F-B1D5-963763488F7C}"
EndProject
Project("{8BC9CEB8-8B4A-11D0-8D11-00A0C91BC942}") = "function", "function\function.vcxproj", "{66B6E255-FE6E-407A-8F86-99AD0DEE4E14}"
EndProject
Project("{8BC9CEB8-8B4A-11D0-8D11-00A0C91BC942}") = "pb3", "pb3\pb3.vcxproj", "{1DD870D3-BA57-4D80-AA0B-A08B94D1644C}"
EndProject
Project("{8BC9CEB8-8B4A-11D0-8D11-00A0C91BC942}") = "shareptr", "shareptr\shareptr.vcxproj", "{E2DAD85A-9D33-444F-A8AB-DC75FBEB9593}"
EndProject
Project("{8BC9CEB8-8B4A-11D0-8D11-00A0C91BC942}") = "winnetClient", "winnetClient\winnetClient.vcxproj", "{6E8603C9-8C00-40F9-BDF3-B13E395AC37E}"
EndProject
Project("{8BC9CEB8-8B4A-11D0-8D11-00A0C91BC942}") = "winnetServer", "winnetServer\winnetServer.vcxproj", "{4080297D-E7E3-43AD-B562-1CF75666E6F9}"
EndProject
Project("{8BC9CEB8-8B4A-11D0-8D11-00A0C91BC942}") = "threadmessage", "threadmessage\threadmessage.vcxproj", "{E2BF1CA6-584A-4BD0-B0C9-A1DA5E4B3CB7}"
EndProject
Project("{8BC9CEB8-8B4A-11D0-8D11-00A0C91BC942}") = "modernCplusplus", "modernCplusplus\modernCplusplus.vcxproj", "{55441E21-2BA5-480E-BBF8-4535B2F3EACE}"
EndProject
Project("{8BC9CEB8-8B4A-11D0-8D11-00A0C91BC942}") = "winiocpServer", "winiocpServer\winiocpServer.vcxproj", "{B77CEE04-7C9E-4D4B-80B4-BAC5CA46EACB}"
EndProject
Project("{8BC9CEB8-8B4A-11D0-8D11-00A0C91BC942}") = "csv", "csv\csv.vcxproj", "{55D5213E-067F-4A51-830B-CAB045EEA5DF}"
EndProject
Project("{8BC9CEB8-8B4A-11D0-8D11-00A0C91BC942}") = "creatocpu100", "creatocpu100\creatocpu100.vcxproj", "{AC2A9649-04EC-4FBD-A9DF-663101D2A1E1}"
EndProject
Project("{8BC9CEB8-8B4A-11D0-8D11-00A0C91BC942}") = "YQTools", "YQTools\YQTools.vcxproj", "{B26D2AE6-CD1E-449D-9D56-B7ADFEDB293C}"
EndProject
Global
	GlobalSection(SolutionConfigurationPlatforms) = preSolution
		Debug|Mixed Platforms = Debug|Mixed Platforms
		Debug|Win32 = Debug|Win32
		Debug|x64 = Debug|x64
		Debug|x86 = Debug|x86
		Release|Mixed Platforms = Release|Mixed Platforms
		Release|Win32 = Release|Win32
		Release|x64 = Release|x64
		Release|x86 = Release|x86
	EndGlobalSection
	GlobalSection(ProjectConfigurationPlatforms) = postSolution
		{EFB77807-4706-4BB0-9408-92277C241572}.Debug|Mixed Platforms.ActiveCfg = Debug|Win32
		{EFB77807-4706-4BB0-9408-92277C241572}.Debug|Mixed Platforms.Build.0 = Debug|Win32
		{EFB77807-4706-4BB0-9408-92277C241572}.Debug|Win32.ActiveCfg = Debug|Win32
		{EFB77807-4706-4BB0-9408-92277C241572}.Debug|Win32.Build.0 = Debug|Win32
		{EFB77807-4706-4BB0-9408-92277C241572}.Debug|x64.ActiveCfg = Debug|x64
		{EFB77807-4706-4BB0-9408-92277C241572}.Debug|x64.Build.0 = Debug|x64
		{EFB77807-4706-4BB0-9408-92277C241572}.Debug|x86.ActiveCfg = Debug|Win32
		{EFB77807-4706-4BB0-9408-92277C241572}.Debug|x86.Build.0 = Debug|Win32
		{EFB77807-4706-4BB0-9408-92277C241572}.Release|Mixed Platforms.ActiveCfg = Release|Win32
		{EFB77807-4706-4BB0-9408-92277C241572}.Release|Mixed Platforms.Build.0 = Release|Win32
		{EFB77807-4706-4BB0-9408-92277C241572}.Release|Win32.ActiveCfg = Release|Win32
		{EFB77807-4706-4BB0-9408-92277C241572}.Release|Win32.Build.0 = Release|Win32
		{EFB77807-4706-4BB0-9408-92277C241572}.Release|x64.ActiveCfg = Release|x64
		{EFB77807-4706-4BB0-9408-92277C241572}.Release|x64.Build.0 = Release|x64
		{EFB77807-4706-4BB0-9408-92277C241572}.Release|x86.ActiveCfg = Release|Win32
		{EFB77807-4706-4BB0-9408-92277C241572}.Release|x86.Build.0 = Release|Win32
		{CC6F567F-EC1E-42A6-9CEA-850E8B20F18F}.Debug|Mixed Platforms.ActiveCfg = Debug|Win32
		{CC6F567F-EC1E-42A6-9CEA-850E8B20F18F}.Debug|Mixed Platforms.Build.0 = Debug|Win32
		{CC6F567F-EC1E-42A6-9CEA-850E8B20F18F}.Debug|Win32.ActiveCfg = Debug|Win32
		{CC6F567F-EC1E-42A6-9CEA-850E8B20F18F}.Debug|Win32.Build.0 = Debug|Win32
		{CC6F567F-EC1E-42A6-9CEA-850E8B20F18F}.Debug|x64.ActiveCfg = Debug|x64
		{CC6F567F-EC1E-42A6-9CEA-850E8B20F18F}.Debug|x64.Build.0 = Debug|x64
		{CC6F567F-EC1E-42A6-9CEA-850E8B20F18F}.Debug|x86.ActiveCfg = Debug|Win32
		{CC6F567F-EC1E-42A6-9CEA-850E8B20F18F}.Debug|x86.Build.0 = Debug|Win32
		{CC6F567F-EC1E-42A6-9CEA-850E8B20F18F}.Release|Mixed Platforms.ActiveCfg = Release|Win32
		{CC6F567F-EC1E-42A6-9CEA-850E8B20F18F}.Release|Mixed Platforms.Build.0 = Release|Win32
		{CC6F567F-EC1E-42A6-9CEA-850E8B20F18F}.Release|Win32.ActiveCfg = Release|Win32
		{CC6F567F-EC1E-42A6-9CEA-850E8B20F18F}.Release|Win32.Build.0 = Release|Win32
		{CC6F567F-EC1E-42A6-9CEA-850E8B20F18F}.Release|x64.ActiveCfg = Release|x64
		{CC6F567F-EC1E-42A6-9CEA-850E8B20F18F}.Release|x64.Build.0 = Release|x64
		{CC6F567F-EC1E-42A6-9CEA-850E8B20F18F}.Release|x86.ActiveCfg = Release|Win32
		{CC6F567F-EC1E-42A6-9CEA-850E8B20F18F}.Release|x86.Build.0 = Release|Win32
		{DB5B179A-04B0-4586-AD9F-F92EFD226A5F}.Debug|Mixed Platforms.ActiveCfg = Debug|Win32
		{DB5B179A-04B0-4586-AD9F-F92EFD226A5F}.Debug|Mixed Platforms.Build.0 = Debug|Win32
		{DB5B179A-04B0-4586-AD9F-F92EFD226A5F}.Debug|Win32.ActiveCfg = Debug|Win32
		{DB5B179A-04B0-4586-AD9F-F92EFD226A5F}.Debug|Win32.Build.0 = Debug|Win32
		{DB5B179A-04B0-4586-AD9F-F92EFD226A5F}.Debug|x64.ActiveCfg = Debug|x64
		{DB5B179A-04B0-4586-AD9F-F92EFD226A5F}.Debug|x64.Build.0 = Debug|x64
		{DB5B179A-04B0-4586-AD9F-F92EFD226A5F}.Debug|x86.ActiveCfg = Debug|Win32
		{DB5B179A-04B0-4586-AD9F-F92EFD226A5F}.Debug|x86.Build.0 = Debug|Win32
		{DB5B179A-04B0-4586-AD9F-F92EFD226A5F}.Release|Mixed Platforms.ActiveCfg = Release|Win32
		{DB5B179A-04B0-4586-AD9F-F92EFD226A5F}.Release|Mixed Platforms.Build.0 = Release|Win32
		{DB5B179A-04B0-4586-AD9F-F92EFD226A5F}.Release|Win32.ActiveCfg = Release|Win32
		{DB5B179A-04B0-4586-AD9F-F92EFD226A5F}.Release|Win32.Build.0 = Release|Win32
		{DB5B179A-04B0-4586-AD9F-F92EFD226A5F}.Release|x64.ActiveCfg = Release|x64
		{DB5B179A-04B0-4586-AD9F-F92EFD226A5F}.Release|x64.Build.0 = Release|x64
		{DB5B179A-04B0-4586-AD9F-F92EFD226A5F}.Release|x86.ActiveCfg = Release|Win32
		{DB5B179A-04B0-4586-AD9F-F92EFD226A5F}.Release|x86.Build.0 = Release|Win32
		{08219368-7D4C-499F-B1D5-963763488F7C}.Debug|Mixed Platforms.ActiveCfg = Debug|Win32
		{08219368-7D4C-499F-B1D5-963763488F7C}.Debug|Mixed Platforms.Build.0 = Debug|Win32
		{08219368-7D4C-499F-B1D5-963763488F7C}.Debug|Win32.ActiveCfg = Debug|Win32
		{08219368-7D4C-499F-B1D5-963763488F7C}.Debug|Win32.Build.0 = Debug|Win32
		{08219368-7D4C-499F-B1D5-963763488F7C}.Debug|x64.ActiveCfg = Debug|x64
		{08219368-7D4C-499F-B1D5-963763488F7C}.Debug|x64.Build.0 = Debug|x64
		{08219368-7D4C-499F-B1D5-963763488F7C}.Debug|x86.ActiveCfg = Debug|Win32
		{08219368-7D4C-499F-B1D5-963763488F7C}.Debug|x86.Build.0 = Debug|Win32
		{08219368-7D4C-499F-B1D5-963763488F7C}.Release|Mixed Platforms.ActiveCfg = Release|Win32
		{08219368-7D4C-499F-B1D5-963763488F7C}.Release|Mixed Platforms.Build.0 = Release|Win32
		{08219368-7D4C-499F-B1D5-963763488F7C}.Release|Win32.ActiveCfg = Release|Win32
		{08219368-7D4C-499F-B1D5-963763488F7C}.Release|Win32.Build.0 = Release|Win32
		{08219368-7D4C-499F-B1D5-963763488F7C}.Release|x64.ActiveCfg = Release|x64
		{08219368-7D4C-499F-B1D5-963763488F7C}.Release|x64.Build.0 = Release|x64
		{08219368-7D4C-499F-B1D5-963763488F7C}.Release|x86.ActiveCfg = Release|Win32
		{08219368-7D4C-499F-B1D5-963763488F7C}.Release|x86.Build.0 = Release|Win32
		{66B6E255-FE6E-407A-8F86-99AD0DEE4E14}.Debug|Mixed Platforms.ActiveCfg = Debug|Win32
		{66B6E255-FE6E-407A-8F86-99AD0DEE4E14}.Debug|Mixed Platforms.Build.0 = Debug|Win32
		{66B6E255-FE6E-407A-8F86-99AD0DEE4E14}.Debug|Win32.ActiveCfg = Debug|Win32
		{66B6E255-FE6E-407A-8F86-99AD0DEE4E14}.Debug|Win32.Build.0 = Debug|Win32
		{66B6E255-FE6E-407A-8F86-99AD0DEE4E14}.Debug|x64.ActiveCfg = Debug|x64
		{66B6E255-FE6E-407A-8F86-99AD0DEE4E14}.Debug|x64.Build.0 = Debug|x64
		{66B6E255-FE6E-407A-8F86-99AD0DEE4E14}.Debug|x86.ActiveCfg = Debug|Win32
		{66B6E255-FE6E-407A-8F86-99AD0DEE4E14}.Debug|x86.Build.0 = Debug|Win32
		{66B6E255-FE6E-407A-8F86-99AD0DEE4E14}.Release|Mixed Platforms.ActiveCfg = Release|Win32
		{66B6E255-FE6E-407A-8F86-99AD0DEE4E14}.Release|Mixed Platforms.Build.0 = Release|Win32
		{66B6E255-FE6E-407A-8F86-99AD0DEE4E14}.Release|Win32.ActiveCfg = Release|Win32
		{66B6E255-FE6E-407A-8F86-99AD0DEE4E14}.Release|Win32.Build.0 = Release|Win32
		{66B6E255-FE6E-407A-8F86-99AD0DEE4E14}.Release|x64.ActiveCfg = Release|x64
		{66B6E255-FE6E-407A-8F86-99AD0DEE4E14}.Release|x64.Build.0 = Release|x64
		{66B6E255-FE6E-407A-8F86-99AD0DEE4E14}.Release|x86.ActiveCfg = Release|Win32
		{66B6E255-FE6E-407A-8F86-99AD0DEE4E14}.Release|x86.Build.0 = Release|Win32
		{1DD870D3-BA57-4D80-AA0B-A08B94D1644C}.Debug|Mixed Platforms.ActiveCfg = Debug|Win32
		{1DD870D3-BA57-4D80-AA0B-A08B94D1644C}.Debug|Mixed Platforms.Build.0 = Debug|Win32
		{1DD870D3-BA57-4D80-AA0B-A08B94D1644C}.Debug|Win32.ActiveCfg = Debug|Win32
		{1DD870D3-BA57-4D80-AA0B-A08B94D1644C}.Debug|Win32.Build.0 = Debug|Win32
		{1DD870D3-BA57-4D80-AA0B-A08B94D1644C}.Debug|x64.ActiveCfg = Debug|x64
		{1DD870D3-BA57-4D80-AA0B-A08B94D1644C}.Debug|x64.Build.0 = Debug|x64
		{1DD870D3-BA57-4D80-AA0B-A08B94D1644C}.Debug|x86.ActiveCfg = Debug|Win32
		{1DD870D3-BA57-4D80-AA0B-A08B94D1644C}.Debug|x86.Build.0 = Debug|Win32
		{1DD870D3-BA57-4D80-AA0B-A08B94D1644C}.Release|Mixed Platforms.ActiveCfg = Release|Win32
		{1DD870D3-BA57-4D80-AA0B-A08B94D1644C}.Release|Mixed Platforms.Build.0 = Release|Win32
		{1DD870D3-BA57-4D80-AA0B-A08B94D1644C}.Release|Win32.ActiveCfg = Release|Win32
		{1DD870D3-BA57-4D80-AA0B-A08B94D1644C}.Release|Win32.Build.0 = Release|Win32
		{1DD870D3-BA57-4D80-AA0B-A08B94D1644C}.Release|x64.ActiveCfg = Release|x64
		{1DD870D3-BA57-4D80-AA0B-A08B94D1644C}.Release|x64.Build.0 = Release|x64
		{1DD870D3-BA57-4D80-AA0B-A08B94D1644C}.Release|x86.ActiveCfg = Release|Win32
		{1DD870D3-BA57-4D80-AA0B-A08B94D1644C}.Release|x86.Build.0 = Release|Win32
		{E2DAD85A-9D33-444F-A8AB-DC75FBEB9593}.Debug|Mixed Platforms.ActiveCfg = Debug|Win32
		{E2DAD85A-9D33-444F-A8AB-DC75FBEB9593}.Debug|Mixed Platforms.Build.0 = Debug|Win32
		{E2DAD85A-9D33-444F-A8AB-DC75FBEB9593}.Debug|Win32.ActiveCfg = Debug|Win32
		{E2DAD85A-9D33-444F-A8AB-DC75FBEB9593}.Debug|Win32.Build.0 = Debug|Win32
		{E2DAD85A-9D33-444F-A8AB-DC75FBEB9593}.Debug|x64.ActiveCfg = Debug|x64
		{E2DAD85A-9D33-444F-A8AB-DC75FBEB9593}.Debug|x64.Build.0 = Debug|x64
		{E2DAD85A-9D33-444F-A8AB-DC75FBEB9593}.Debug|x86.ActiveCfg = Debug|Win32
		{E2DAD85A-9D33-444F-A8AB-DC75FBEB9593}.Debug|x86.Build.0 = Debug|Win32
		{E2DAD85A-9D33-444F-A8AB-DC75FBEB9593}.Release|Mixed Platforms.ActiveCfg = Release|Win32
		{E2DAD85A-9D33-444F-A8AB-DC75FBEB9593}.Release|Mixed Platforms.Build.0 = Release|Win32
		{E2DAD85A-9D33-444F-A8AB-DC75FBEB9593}.Release|Win32.ActiveCfg = Release|Win32
		{E2DAD85A-9D33-444F-A8AB-DC75FBEB9593}.Release|Win32.Build.0 = Release|Win32
		{E2DAD85A-9D33-444F-A8AB-DC75FBEB9593}.Release|x64.ActiveCfg = Release|x64
		{E2DAD85A-9D33-444F-A8AB-DC75FBEB9593}.Release|x64.Build.0 = Release|x64
		{E2DAD85A-9D33-444F-A8AB-DC75FBEB9593}.Release|x86.ActiveCfg = Release|Win32
		{E2DAD85A-9D33-444F-A8AB-DC75FBEB9593}.Release|x86.Build.0 = Release|Win32
		{6E8603C9-8C00-40F9-BDF3-B13E395AC37E}.Debug|Mixed Platforms.ActiveCfg = Debug|Win32
		{6E8603C9-8C00-40F9-BDF3-B13E395AC37E}.Debug|Mixed Platforms.Build.0 = Debug|Win32
		{6E8603C9-8C00-40F9-BDF3-B13E395AC37E}.Debug|Win32.ActiveCfg = Debug|Win32
		{6E8603C9-8C00-40F9-BDF3-B13E395AC37E}.Debug|Win32.Build.0 = Debug|Win32
		{6E8603C9-8C00-40F9-BDF3-B13E395AC37E}.Debug|x64.ActiveCfg = Debug|x64
		{6E8603C9-8C00-40F9-BDF3-B13E395AC37E}.Debug|x64.Build.0 = Debug|x64
		{6E8603C9-8C00-40F9-BDF3-B13E395AC37E}.Debug|x86.ActiveCfg = Debug|Win32
		{6E8603C9-8C00-40F9-BDF3-B13E395AC37E}.Debug|x86.Build.0 = Debug|Win32
		{6E8603C9-8C00-40F9-BDF3-B13E395AC37E}.Release|Mixed Platforms.ActiveCfg = Release|Win32
		{6E8603C9-8C00-40F9-BDF3-B13E395AC37E}.Release|Mixed Platforms.Build.0 = Release|Win32
		{6E8603C9-8C00-40F9-BDF3-B13E395AC37E}.Release|Win32.ActiveCfg = Release|Win32
		{6E8603C9-8C00-40F9-BDF3-B13E395AC37E}.Release|Win32.Build.0 = Release|Win32
		{6E8603C9-8C00-40F9-BDF3-B13E395AC37E}.Release|x64.ActiveCfg = Release|x64
		{6E8603C9-8C00-40F9-BDF3-B13E395AC37E}.Release|x64.Build.0 = Release|x64
		{6E8603C9-8C00-40F9-BDF3-B13E395AC37E}.Release|x86.ActiveCfg = Release|Win32
		{6E8603C9-8C00-40F9-BDF3-B13E395AC37E}.Release|x86.Build.0 = Release|Win32
		{4080297D-E7E3-43AD-B562-1CF75666E6F9}.Debug|Mixed Platforms.ActiveCfg = Debug|Win32
		{4080297D-E7E3-43AD-B562-1CF75666E6F9}.Debug|Mixed Platforms.Build.0 = Debug|Win32
		{4080297D-E7E3-43AD-B562-1CF75666E6F9}.Debug|Win32.ActiveCfg = Debug|Win32
		{4080297D-E7E3-43AD-B562-1CF75666E6F9}.Debug|Win32.Build.0 = Debug|Win32
		{4080297D-E7E3-43AD-B562-1CF75666E6F9}.Debug|x64.ActiveCfg = Debug|x64
		{4080297D-E7E3-43AD-B562-1CF75666E6F9}.Debug|x64.Build.0 = Debug|x64
		{4080297D-E7E3-43AD-B562-1CF75666E6F9}.Debug|x86.ActiveCfg = Debug|Win32
		{4080297D-E7E3-43AD-B562-1CF75666E6F9}.Debug|x86.Build.0 = Debug|Win32
		{4080297D-E7E3-43AD-B562-1CF75666E6F9}.Release|Mixed Platforms.ActiveCfg = Release|Win32
		{4080297D-E7E3-43AD-B562-1CF75666E6F9}.Release|Mixed Platforms.Build.0 = Release|Win32
		{4080297D-E7E3-43AD-B562-1CF75666E6F9}.Release|Win32.ActiveCfg = Release|Win32
		{4080297D-E7E3-43AD-B562-1CF75666E6F9}.Release|Win32.Build.0 = Release|Win32
		{4080297D-E7E3-43AD-B562-1CF75666E6F9}.Release|x64.ActiveCfg = Release|x64
		{4080297D-E7E3-43AD-B562-1CF75666E6F9}.Release|x64.Build.0 = Release|x64
		{4080297D-E7E3-43AD-B562-1CF75666E6F9}.Release|x86.ActiveCfg = Release|Win32
		{4080297D-E7E3-43AD-B562-1CF75666E6F9}.Release|x86.Build.0 = Release|Win32
		{E2BF1CA6-584A-4BD0-B0C9-A1DA5E4B3CB7}.Debug|Mixed Platforms.ActiveCfg = Debug|Win32
		{E2BF1CA6-584A-4BD0-B0C9-A1DA5E4B3CB7}.Debug|Mixed Platforms.Build.0 = Debug|Win32
		{E2BF1CA6-584A-4BD0-B0C9-A1DA5E4B3CB7}.Debug|Win32.ActiveCfg = Debug|Win32
		{E2BF1CA6-584A-4BD0-B0C9-A1DA5E4B3CB7}.Debug|Win32.Build.0 = Debug|Win32
		{E2BF1CA6-584A-4BD0-B0C9-A1DA5E4B3CB7}.Debug|x64.ActiveCfg = Debug|x64
		{E2BF1CA6-584A-4BD0-B0C9-A1DA5E4B3CB7}.Debug|x64.Build.0 = Debug|x64
		{E2BF1CA6-584A-4BD0-B0C9-A1DA5E4B3CB7}.Debug|x86.ActiveCfg = Debug|Win32
		{E2BF1CA6-584A-4BD0-B0C9-A1DA5E4B3CB7}.Debug|x86.Build.0 = Debug|Win32
		{E2BF1CA6-584A-4BD0-B0C9-A1DA5E4B3CB7}.Release|Mixed Platforms.ActiveCfg = Release|Win32
		{E2BF1CA6-584A-4BD0-B0C9-A1DA5E4B3CB7}.Release|Mixed Platforms.Build.0 = Release|Win32
		{E2BF1CA6-584A-4BD0-B0C9-A1DA5E4B3CB7}.Release|Win32.ActiveCfg = Release|Win32
		{E2BF1CA6-584A-4BD0-B0C9-A1DA5E4B3CB7}.Release|Win32.Build.0 = Release|Win32
		{E2BF1CA6-584A-4BD0-B0C9-A1DA5E4B3CB7}.Release|x64.ActiveCfg = Release|x64
		{E2BF1CA6-584A-4BD0-B0C9-A1DA5E4B3CB7}.Release|x64.Build.0 = Release|x64
		{E2BF1CA6-584A-4BD0-B0C9-A1DA5E4B3CB7}.Release|x86.ActiveCfg = Release|Win32
		{E2BF1CA6-584A-4BD0-B0C9-A1DA5E4B3CB7}.Release|x86.Build.0 = Release|Win32
		{55441E21-2BA5-480E-BBF8-4535B2F3EACE}.Debug|Mixed Platforms.ActiveCfg = Debug|Win32
		{55441E21-2BA5-480E-BBF8-4535B2F3EACE}.Debug|Mixed Platforms.Build.0 = Debug|Win32
		{55441E21-2BA5-480E-BBF8-4535B2F3EACE}.Debug|Win32.ActiveCfg = Debug|Win32
		{55441E21-2BA5-480E-BBF8-4535B2F3EACE}.Debug|Win32.Build.0 = Debug|Win32
		{55441E21-2BA5-480E-BBF8-4535B2F3EACE}.Debug|x64.ActiveCfg = Debug|x64
		{55441E21-2BA5-480E-BBF8-4535B2F3EACE}.Debug|x64.Build.0 = Debug|x64
		{55441E21-2BA5-480E-BBF8-4535B2F3EACE}.Debug|x86.ActiveCfg = Debug|Win32
		{55441E21-2BA5-480E-BBF8-4535B2F3EACE}.Debug|x86.Build.0 = Debug|Win32
		{55441E21-2BA5-480E-BBF8-4535B2F3EACE}.Release|Mixed Platforms.ActiveCfg = Release|Win32
		{55441E21-2BA5-480E-BBF8-4535B2F3EACE}.Release|Mixed Platforms.Build.0 = Release|Win32
		{55441E21-2BA5-480E-BBF8-4535B2F3EACE}.Release|Win32.ActiveCfg = Release|Win32
		{55441E21-2BA5-480E-BBF8-4535B2F3EACE}.Release|Win32.Build.0 = Release|Win32
		{55441E21-2BA5-480E-BBF8-4535B2F3EACE}.Release|x64.ActiveCfg = Release|x64
		{55441E21-2BA5-480E-BBF8-4535B2F3EACE}.Release|x64.Build.0 = Release|x64
		{55441E21-2BA5-480E-BBF8-4535B2F3EACE}.Release|x86.ActiveCfg = Release|Win32
		{55441E21-2BA5-480E-BBF8-4535B2F3EACE}.Release|x86.Build.0 = Release|Win32
		{B77CEE04-7C9E-4D4B-80B4-BAC5CA46EACB}.Debug|Mixed Platforms.ActiveCfg = Debug|Win32
		{B77CEE04-7C9E-4D4B-80B4-BAC5CA46EACB}.Debug|Mixed Platforms.Build.0 = Debug|Win32
		{B77CEE04-7C9E-4D4B-80B4-BAC5CA46EACB}.Debug|Win32.ActiveCfg = Debug|Win32
		{B77CEE04-7C9E-4D4B-80B4-BAC5CA46EACB}.Debug|Win32.Build.0 = Debug|Win32
		{B77CEE04-7C9E-4D4B-80B4-BAC5CA46EACB}.Debug|x64.ActiveCfg = Debug|x64
		{B77CEE04-7C9E-4D4B-80B4-BAC5CA46EACB}.Debug|x64.Build.0 = Debug|x64
		{B77CEE04-7C9E-4D4B-80B4-BAC5CA46EACB}.Debug|x86.ActiveCfg = Debug|Win32
		{B77CEE04-7C9E-4D4B-80B4-BAC5CA46EACB}.Debug|x86.Build.0 = Debug|Win32
		{B77CEE04-7C9E-4D4B-80B4-BAC5CA46EACB}.Release|Mixed Platforms.ActiveCfg = Release|Win32
		{B77CEE04-7C9E-4D4B-80B4-BAC5CA46EACB}.Release|Mixed Platforms.Build.0 = Release|Win32
		{B77CEE04-7C9E-4D4B-80B4-BAC5CA46EACB}.Release|Win32.ActiveCfg = Release|Win32
		{B77CEE04-7C9E-4D4B-80B4-BAC5CA46EACB}.Release|Win32.Build.0 = Release|Win32
		{B77CEE04-7C9E-4D4B-80B4-BAC5CA46EACB}.Release|x64.ActiveCfg = Release|x64
		{B77CEE04-7C9E-4D4B-80B4-BAC5CA46EACB}.Release|x64.Build.0 = Release|x64
		{B77CEE04-7C9E-4D4B-80B4-BAC5CA46EACB}.Release|x86.ActiveCfg = Release|Win32
		{B77CEE04-7C9E-4D4B-80B4-BAC5CA46EACB}.Release|x86.Build.0 = Release|Win32
		{55D5213E-067F-4A51-830B-CAB045EEA5DF}.Debug|Mixed Platforms.ActiveCfg = Debug|Win32
		{55D5213E-067F-4A51-830B-CAB045EEA5DF}.Debug|Mixed Platforms.Build.0 = Debug|Win32
		{55D5213E-067F-4A51-830B-CAB045EEA5DF}.Debug|Win32.ActiveCfg = Debug|Win32
		{55D5213E-067F-4A51-830B-CAB045EEA5DF}.Debug|Win32.Build.0 = Debug|Win32
		{55D5213E-067F-4A51-830B-CAB045EEA5DF}.Debug|x64.ActiveCfg = Debug|x64
		{55D5213E-067F-4A51-830B-CAB045EEA5DF}.Debug|x64.Build.0 = Debug|x64
		{55D5213E-067F-4A51-830B-CAB045EEA5DF}.Debug|x86.ActiveCfg = Debug|Win32
		{55D5213E-067F-4A51-830B-CAB045EEA5DF}.Debug|x86.Build.0 = Debug|Win32
		{55D5213E-067F-4A51-830B-CAB045EEA5DF}.Release|Mixed Platforms.ActiveCfg = Release|Win32
		{55D5213E-067F-4A51-830B-CAB045EEA5DF}.Release|Mixed Platforms.Build.0 = Release|Win32
		{55D5213E-067F-4A51-830B-CAB045EEA5DF}.Release|Win32.ActiveCfg = Release|Win32
		{55D5213E-067F-4A51-830B-CAB045EEA5DF}.Release|Win32.Build.0 = Release|Win32
		{55D5213E-067F-4A51-830B-CAB045EEA5DF}.Release|x64.ActiveCfg = Release|x64
		{55D5213E-067F-4A51-830B-CAB045EEA5DF}.Release|x64.Build.0 = Release|x64
		{55D5213E-067F-4A51-830B-CAB045EEA5DF}.Release|x86.ActiveCfg = Release|Win32
		{55D5213E-067F-4A51-830B-CAB045EEA5DF}.Release|x86.Build.0 = Release|Win32
		{AC2A9649-04EC-4FBD-A9DF-663101D2A1E1}.Debug|Mixed Platforms.ActiveCfg = Debug|Win32
		{AC2A9649-04EC-4FBD-A9DF-663101D2A1E1}.Debug|Mixed Platforms.Build.0 = Debug|Win32
		{AC2A9649-04EC-4FBD-A9DF-663101D2A1E1}.Debug|Win32.ActiveCfg = Debug|Win32
		{AC2A9649-04EC-4FBD-A9DF-663101D2A1E1}.Debug|Win32.Build.0 = Debug|Win32
		{AC2A9649-04EC-4FBD-A9DF-663101D2A1E1}.Debug|x64.ActiveCfg = Debug|Win32
		{AC2A9649-04EC-4FBD-A9DF-663101D2A1E1}.Debug|x86.ActiveCfg = Debug|Win32
		{AC2A9649-04EC-4FBD-A9DF-663101D2A1E1}.Debug|x86.Build.0 = Debug|Win32
		{AC2A9649-04EC-4FBD-A9DF-663101D2A1E1}.Release|Mixed Platforms.ActiveCfg = Release|Win32
		{AC2A9649-04EC-4FBD-A9DF-663101D2A1E1}.Release|Mixed Platforms.Build.0 = Release|Win32
		{AC2A9649-04EC-4FBD-A9DF-663101D2A1E1}.Release|Win32.ActiveCfg = Release|Win32
		{AC2A9649-04EC-4FBD-A9DF-663101D2A1E1}.Release|Win32.Build.0 = Release|Win32
		{AC2A9649-04EC-4FBD-A9DF-663101D2A1E1}.Release|x64.ActiveCfg = Release|Win32
		{AC2A9649-04EC-4FBD-A9DF-663101D2A1E1}.Release|x86.ActiveCfg = Release|Win32
		{AC2A9649-04EC-4FBD-A9DF-663101D2A1E1}.Release|x86.Build.0 = Release|Win32
		{B26D2AE6-CD1E-449D-9D56-B7ADFEDB293C}.Debug|Mixed Platforms.ActiveCfg = Debug|Win32
		{B26D2AE6-CD1E-449D-9D56-B7ADFEDB293C}.Debug|Mixed Platforms.Build.0 = Debug|Win32
		{B26D2AE6-CD1E-449D-9D56-B7ADFEDB293C}.Debug|Win32.ActiveCfg = Debug|Win32
		{B26D2AE6-CD1E-449D-9D56-B7ADFEDB293C}.Debug|Win32.Build.0 = Debug|Win32
		{B26D2AE6-CD1E-449D-9D56-B7ADFEDB293C}.Debug|x64.ActiveCfg = Debug|Win32
		{B26D2AE6-CD1E-449D-9D56-B7ADFEDB293C}.Debug|x86.ActiveCfg = Debug|Win32
		{B26D2AE6-CD1E-449D-9D56-B7ADFEDB293C}.Debug|x86.Build.0 = Debug|Win32
		{B26D2AE6-CD1E-449D-9D56-B7ADFEDB293C}.Release|Mixed Platforms.ActiveCfg = Release|Win32
		{B26D2AE6-CD1E-449D-9D56-B7ADFEDB293C}.Release|Mixed Platforms.Build.0 = Release|Win32
		{B26D2AE6-CD1E-449D-9D56-B7ADFEDB293C}.Release|Win32.ActiveCfg = Release|Win32
		{B26D2AE6-CD1E-449D-9D56-B7ADFEDB293C}.Release|Win32.Build.0 = Release|Win32
		{B26D2AE6-CD1E-449D-9D56-B7ADFEDB293C}.Release|x64.ActiveCfg = Release|Win32
		{B26D2AE6-CD1E-449D-9D56-B7ADFEDB293C}.Release|x86.ActiveCfg = Release|Win32
		{B26D2AE6-CD1E-449D-9D56-B7ADFEDB293C}.Release|x86.Build.0 = Release|Win32
	EndGlobalSection
	GlobalSection(SolutionProperties) = preSolution
		HideSolutionNode = FALSE
	EndGlobalSection
	GlobalSection(ExtensibilityGlobals) = postSolution
		SolutionGuid = {9C54160C-42D3-4EBA-AD95-4C4DD3584CED}
	EndGlobalSection
EndGlobal
